
Microsoft Visual Studio Solution File, Format Version 12.00
# Visual Studio 14
VisualStudioVersion = 14.0.23107.0
MinimumVisualStudioVersion = 10.0.40219.1
Project("{2150E333-8FDC-42A3-9474-1A3956D46DE8}") = "Web", "Web", "{64619905-CE03-4B5B-AA2F-6A1C8C4C38B5}"
EndProject
Project("{FAE04EC0-301F-11D3-BF4B-00C04F79EFBC}") = "SmartConnect.Web.App", "Web\SmartConnect.Web.App\SmartConnect.Web.App.csproj", "{EA935D4A-E5CF-4E4B-9BB4-AB7C8956F55C}"
EndProject
Project("{FAE04EC0-301F-11D3-BF4B-00C04F79EFBC}") = "SmartConnect.Web.App.Tests", "Tests\SmartConnect.Web.App.Tests\SmartConnect.Web.App.Tests.csproj", "{CA5D37E1-FBAB-472F-BCD7-79848ED2EB95}"
EndProject
Project("{2150E333-8FDC-42A3-9474-1A3956D46DE8}") = "Tests", "Tests", "{6223602F-9DBD-463E-9117-87AD0E26B2F7}"
EndProject
Project("{2150E333-8FDC-42A3-9474-1A3956D46DE8}") = "Data", "Data", "{E4931CD1-724E-4C4A-96EA-552355F9B0DA}"
EndProject
Project("{FAE04EC0-301F-11D3-BF4B-00C04F79EFBC}") = "SmartConnect.Data", "Data\SmartConnect.Data\SmartConnect.Data.csproj", "{CD457887-105A-4F6E-AED7-1E704AE493A5}"
EndProject
Project("{FAE04EC0-301F-11D3-BF4B-00C04F79EFBC}") = "SmartConnect.Data.Models", "Data\SmartConnect.Data.Models\SmartConnect.Data.Models.csproj", "{AF9E8394-8AC4-42EA-9F8C-096C2EFB985C}"
EndProject
Project("{2150E333-8FDC-42A3-9474-1A3956D46DE8}") = "Services", "Services", "{1CD92A0A-5E2B-47D8-9B72-365CF0D284B9}"
EndProject
Project("{FAE04EC0-301F-11D3-BF4B-00C04F79EFBC}") = "SmartConnect.Services.Identity", "Services\SmartConnect.Services.Identity\SmartConnect.Services.Identity.csproj", "{EBB42A06-492D-42E4-936B-362401EB24DA}"
EndProject
Project("{FAE04EC0-301F-11D3-BF4B-00C04F79EFBC}") = "SmartConnect.Web.Infrastructure", "Web\SmartConnect.Web.Infrastructure\SmartConnect.Web.Infrastructure.csproj", "{3231E25D-839B-4C09-ACA9-A76C248D9577}"
EndProject
Project("{FAE04EC0-301F-11D3-BF4B-00C04F79EFBC}") = "SmartConnect.Web.Controllers", "Web\SmartConnect.Web.Controllers\SmartConnect.Web.Controllers.csproj", "{EC817FEB-0C60-417F-8AFE-215E3FEBB798}"
EndProject
Project("{FAE04EC0-301F-11D3-BF4B-00C04F79EFBC}") = "SmartConnect.Web.ViewModels", "Web\SmartConnect.Web.ViewModels\SmartConnect.Web.ViewModels.csproj", "{0A699179-36AC-4F4A-A6EB-D491C305A237}"
EndProject
Project("{FAE04EC0-301F-11D3-BF4B-00C04F79EFBC}") = "SmartConnect.Web.Common", "Web\SmartConnect.Web.Common\SmartConnect.Web.Common.csproj", "{42096E54-A1E2-4381-83FC-79BB8BBB7743}"
EndProject
Project("{FAE04EC0-301F-11D3-BF4B-00C04F79EFBC}") = "SmartConnect.Web.Configurations", "Web\SmartConnect.Web.Configurations\SmartConnect.Web.Configurations.csproj", "{45D28A23-2D93-417A-92F6-F910BB5FEFDC}"
EndProject
Project("{FAE04EC0-301F-11D3-BF4B-00C04F79EFBC}") = "SmartConnect.Services.Common", "Services\SmartConnect.Services.Common\SmartConnect.Services.Common.csproj", "{05686A25-6C67-4439-88CD-7FB7B6E460CC}"
EndProject
Project("{2150E333-8FDC-42A3-9474-1A3956D46DE8}") = "Common", "Common", "{F259CBC2-AEFD-485E-ADF6-5B618DE5F2C9}"
EndProject
Project("{FAE04EC0-301F-11D3-BF4B-00C04F79EFBC}") = "SmartConnect.Common.Constants", "Common\SmartConnect.Common.Constants\SmartConnect.Common.Constants.csproj", "{C63B2317-AF3A-4334-A4FE-D3DC00A4E247}"
EndProject
Project("{FAE04EC0-301F-11D3-BF4B-00C04F79EFBC}") = "SmartConnect.Common.Exceptions", "Common\SmartConnect.Common.Exceptions\SmartConnect.Common.Exceptions.csproj", "{DA384152-DB36-4579-864D-08BCE61775C5}"
EndProject
Global
	GlobalSection(SolutionConfigurationPlatforms) = preSolution
		Debug|Any CPU = Debug|Any CPU
		Release|Any CPU = Release|Any CPU
	EndGlobalSection
	GlobalSection(ProjectConfigurationPlatforms) = postSolution
		{EA935D4A-E5CF-4E4B-9BB4-AB7C8956F55C}.Debug|Any CPU.ActiveCfg = Debug|Any CPU
		{EA935D4A-E5CF-4E4B-9BB4-AB7C8956F55C}.Debug|Any CPU.Build.0 = Debug|Any CPU
		{EA935D4A-E5CF-4E4B-9BB4-AB7C8956F55C}.Release|Any CPU.ActiveCfg = Release|Any CPU
		{EA935D4A-E5CF-4E4B-9BB4-AB7C8956F55C}.Release|Any CPU.Build.0 = Release|Any CPU
		{CA5D37E1-FBAB-472F-BCD7-79848ED2EB95}.Debug|Any CPU.ActiveCfg = Debug|Any CPU
		{CA5D37E1-FBAB-472F-BCD7-79848ED2EB95}.Debug|Any CPU.Build.0 = Debug|Any CPU
		{CA5D37E1-FBAB-472F-BCD7-79848ED2EB95}.Release|Any CPU.ActiveCfg = Release|Any CPU
		{CA5D37E1-FBAB-472F-BCD7-79848ED2EB95}.Release|Any CPU.Build.0 = Release|Any CPU
		{CD457887-105A-4F6E-AED7-1E704AE493A5}.Debug|Any CPU.ActiveCfg = Debug|Any CPU
		{CD457887-105A-4F6E-AED7-1E704AE493A5}.Debug|Any CPU.Build.0 = Debug|Any CPU
		{CD457887-105A-4F6E-AED7-1E704AE493A5}.Release|Any CPU.ActiveCfg = Release|Any CPU
		{CD457887-105A-4F6E-AED7-1E704AE493A5}.Release|Any CPU.Build.0 = Release|Any CPU
		{AF9E8394-8AC4-42EA-9F8C-096C2EFB985C}.Debug|Any CPU.ActiveCfg = Debug|Any CPU
		{AF9E8394-8AC4-42EA-9F8C-096C2EFB985C}.Debug|Any CPU.Build.0 = Debug|Any CPU
		{AF9E8394-8AC4-42EA-9F8C-096C2EFB985C}.Release|Any CPU.ActiveCfg = Release|Any CPU
		{AF9E8394-8AC4-42EA-9F8C-096C2EFB985C}.Release|Any CPU.Build.0 = Release|Any CPU
		{EBB42A06-492D-42E4-936B-362401EB24DA}.Debug|Any CPU.ActiveCfg = Debug|Any CPU
		{EBB42A06-492D-42E4-936B-362401EB24DA}.Debug|Any CPU.Build.0 = Debug|Any CPU
		{EBB42A06-492D-42E4-936B-362401EB24DA}.Release|Any CPU.ActiveCfg = Release|Any CPU
		{EBB42A06-492D-42E4-936B-362401EB24DA}.Release|Any CPU.Build.0 = Release|Any CPU
		{3231E25D-839B-4C09-ACA9-A76C248D9577}.Debug|Any CPU.ActiveCfg = Debug|Any CPU
		{3231E25D-839B-4C09-ACA9-A76C248D9577}.Debug|Any CPU.Build.0 = Debug|Any CPU
		{3231E25D-839B-4C09-ACA9-A76C248D9577}.Release|Any CPU.ActiveCfg = Release|Any CPU
		{3231E25D-839B-4C09-ACA9-A76C248D9577}.Release|Any CPU.Build.0 = Release|Any CPU
		{EC817FEB-0C60-417F-8AFE-215E3FEBB798}.Debug|Any CPU.ActiveCfg = Debug|Any CPU
		{EC817FEB-0C60-417F-8AFE-215E3FEBB798}.Debug|Any CPU.Build.0 = Debug|Any CPU
		{EC817FEB-0C60-417F-8AFE-215E3FEBB798}.Release|Any CPU.ActiveCfg = Release|Any CPU
		{EC817FEB-0C60-417F-8AFE-215E3FEBB798}.Release|Any CPU.Build.0 = Release|Any CPU
		{0A699179-36AC-4F4A-A6EB-D491C305A237}.Debug|Any CPU.ActiveCfg = Debug|Any CPU
		{0A699179-36AC-4F4A-A6EB-D491C305A237}.Debug|Any CPU.Build.0 = Debug|Any CPU
		{0A699179-36AC-4F4A-A6EB-D491C305A237}.Release|Any CPU.ActiveCfg = Release|Any CPU
		{0A699179-36AC-4F4A-A6EB-D491C305A237}.Release|Any CPU.Build.0 = Release|Any CPU
		{42096E54-A1E2-4381-83FC-79BB8BBB7743}.Debug|Any CPU.ActiveCfg = Debug|Any CPU
		{42096E54-A1E2-4381-83FC-79BB8BBB7743}.Debug|Any CPU.Build.0 = Debug|Any CPU
		{42096E54-A1E2-4381-83FC-79BB8BBB7743}.Release|Any CPU.ActiveCfg = Release|Any CPU
		{42096E54-A1E2-4381-83FC-79BB8BBB7743}.Release|Any CPU.Build.0 = Release|Any CPU
		{45D28A23-2D93-417A-92F6-F910BB5FEFDC}.Debug|Any CPU.ActiveCfg = Debug|Any CPU
		{45D28A23-2D93-417A-92F6-F910BB5FEFDC}.Debug|Any CPU.Build.0 = Debug|Any CPU
		{45D28A23-2D93-417A-92F6-F910BB5FEFDC}.Release|Any CPU.ActiveCfg = Release|Any CPU
		{45D28A23-2D93-417A-92F6-F910BB5FEFDC}.Release|Any CPU.Build.0 = Release|Any CPU
		{05686A25-6C67-4439-88CD-7FB7B6E460CC}.Debug|Any CPU.ActiveCfg = Debug|Any CPU
		{05686A25-6C67-4439-88CD-7FB7B6E460CC}.Debug|Any CPU.Build.0 = Debug|Any CPU
		{05686A25-6C67-4439-88CD-7FB7B6E460CC}.Release|Any CPU.ActiveCfg = Release|Any CPU
		{05686A25-6C67-4439-88CD-7FB7B6E460CC}.Release|Any CPU.Build.0 = Release|Any CPU
		{C63B2317-AF3A-4334-A4FE-D3DC00A4E247}.Debug|Any CPU.ActiveCfg = Debug|Any CPU
		{C63B2317-AF3A-4334-A4FE-D3DC00A4E247}.Debug|Any CPU.Build.0 = Debug|Any CPU
		{C63B2317-AF3A-4334-A4FE-D3DC00A4E247}.Release|Any CPU.ActiveCfg = Release|Any CPU
		{C63B2317-AF3A-4334-A4FE-D3DC00A4E247}.Release|Any CPU.Build.0 = Release|Any CPU
		{DA384152-DB36-4579-864D-08BCE61775C5}.Debug|Any CPU.ActiveCfg = Debug|Any CPU
		{DA384152-DB36-4579-864D-08BCE61775C5}.Debug|Any CPU.Build.0 = Debug|Any CPU
		{DA384152-DB36-4579-864D-08BCE61775C5}.Release|Any CPU.ActiveCfg = Release|Any CPU
		{DA384152-DB36-4579-864D-08BCE61775C5}.Release|Any CPU.Build.0 = Release|Any CPU
	EndGlobalSection
	GlobalSection(SolutionProperties) = preSolution
		HideSolutionNode = FALSE
	EndGlobalSection
	GlobalSection(NestedProjects) = preSolution
		{EA935D4A-E5CF-4E4B-9BB4-AB7C8956F55C} = {64619905-CE03-4B5B-AA2F-6A1C8C4C38B5}
		{CA5D37E1-FBAB-472F-BCD7-79848ED2EB95} = {6223602F-9DBD-463E-9117-87AD0E26B2F7}
		{CD457887-105A-4F6E-AED7-1E704AE493A5} = {E4931CD1-724E-4C4A-96EA-552355F9B0DA}
		{AF9E8394-8AC4-42EA-9F8C-096C2EFB985C} = {E4931CD1-724E-4C4A-96EA-552355F9B0DA}
		{EBB42A06-492D-42E4-936B-362401EB24DA} = {1CD92A0A-5E2B-47D8-9B72-365CF0D284B9}
		{3231E25D-839B-4C09-ACA9-A76C248D9577} = {64619905-CE03-4B5B-AA2F-6A1C8C4C38B5}
		{EC817FEB-0C60-417F-8AFE-215E3FEBB798} = {64619905-CE03-4B5B-AA2F-6A1C8C4C38B5}
		{0A699179-36AC-4F4A-A6EB-D491C305A237} = {64619905-CE03-4B5B-AA2F-6A1C8C4C38B5}
		{42096E54-A1E2-4381-83FC-79BB8BBB7743} = {64619905-CE03-4B5B-AA2F-6A1C8C4C38B5}
		{45D28A23-2D93-417A-92F6-F910BB5FEFDC} = {64619905-CE03-4B5B-AA2F-6A1C8C4C38B5}
		{05686A25-6C67-4439-88CD-7FB7B6E460CC} = {1CD92A0A-5E2B-47D8-9B72-365CF0D284B9}
		{C63B2317-AF3A-4334-A4FE-D3DC00A4E247} = {F259CBC2-AEFD-485E-ADF6-5B618DE5F2C9}
		{DA384152-DB36-4579-864D-08BCE61775C5} = {F259CBC2-AEFD-485E-ADF6-5B618DE5F2C9}
	EndGlobalSection
EndGlobal
